{
  "version": 4,
  "terraform_version": "0.13.5",
  "serial": 83,
  "lineage": "3be7283b-b712-3609-fc83-53459a827199",
  "outputs": {},
  "resources": [
    {
      "mode": "managed",
      "type": "octopusdeploy_library_variable_set",
      "name": "foo",
      "provider": "provider[\"octopus.com/com/octopusdeploy\"]",
      "instances": [
        {
          "schema_version": 0,
          "attributes": {
            "description": "This is the description.",
            "id": "LibraryVariableSets-4193",
            "name": "Variable Set Test",
            "space_id": "Spaces-1",
            "template": [
              {
                "default_value": "Default Value???",
                "display_settings": {
                  "Octopus.ControlType": "SingleLineText"
                },
                "help_text": "This is the help text",
                "id": "03bd90f3-bf2a-47db-a8cc-12ef2f519e6a",
                "label": "Test Label",
                "name": "Test Template"
              },
              {
                "default_value": "wjehqwjkehwqkejhqwe",
                "display_settings": {
                  "Octopus.ControlType": "MultiLineText"
                },
                "help_text": "jhasdkjashdaksjhd",
                "id": "37e8d781-7384-49cf-ba8f-e4aa89c99482",
                "label": "alsdjhaldksh",
                "name": "Another Variable???"
              },
              {
                "default_value": "qweq|qwe",
                "display_settings": {
                  "Octopus.ControlType": "MultiLineText"
                },
                "help_text": "qwe",
                "id": "23bad800-682f-4451-bce7-e4d0030c859c",
                "label": "qwe",
                "name": "weq"
              }
            ],
            "variable_set_id": "variableset-LibraryVariableSets-4193"
          },
          "private": "eyJzY2hlbWFfdmVyc2lvbiI6IjAifQ=="
        }
      ]
    },
    {
      "mode": "managed",
      "type": "octopusdeploy_lifecycle",
      "name": "example",
      "provider": "provider[\"octopus.com/com/octopusdeploy\"]",
      "instances": [
        {
          "schema_version": 0,
          "attributes": {
            "description": "",
            "id": "Lifecycles-1",
            "name": "Default Lifecycle",
            "phase": [
              {
                "automatic_deployment_targets": [],
                "id": "e4cbf8fb-0eab-47ca-b126-35acd65fd8b3",
                "is_optional_phase": false,
                "minimum_environments_before_promotion": 0,
                "name": "Phase 1",
                "optional_deployment_targets": [],
                "release_retention_policy": [],
                "tentacle_retention_policy": []
              },
              {
                "automatic_deployment_targets": [],
                "id": "778b9796-6664-49ca-a09c-820150e84c6e",
                "is_optional_phase": true,
                "minimum_environments_before_promotion": 0,
                "name": "Phase 2",
                "optional_deployment_targets": [
                  "Environments-9833"
                ],
                "release_retention_policy": [
                  {
                    "quantity_to_keep": 1,
                    "should_keep_forever": false,
                    "unit": "Days"
                  }
                ],
                "tentacle_retention_policy": [
                  {
                    "quantity_to_keep": 3,
                    "should_keep_forever": false,
                    "unit": "Days"
                  }
                ]
              }
            ],
            "release_retention_policy": [
              {
                "quantity_to_keep": 30,
                "should_keep_forever": false,
                "unit": "Days"
              }
            ],
            "space_id": "Spaces-1",
            "tentacle_retention_policy": [
              {
                "quantity_to_keep": 0,
                "should_keep_forever": true,
                "unit": "Days"
              }
            ]
          },
          "private": "eyJzY2hlbWFfdmVyc2lvbiI6IjAifQ=="
        }
      ]
    },
    {
      "mode": "managed",
      "type": "octopusdeploy_user",
      "name": "admin",
      "provider": "provider[\"octopus.com/com/octopusdeploy\"]",
      "instances": [
        {
          "schema_version": 0,
          "attributes": {
            "can_password_be_edited": true,
            "display_name": "John Bristowe",
            "email_address": "john.bristowe@octopus.com",
            "id": "Users-21",
            "identities": null,
            "is_active": true,
            "is_requestor": true,
            "is_service": false,
            "password": "",
            "username": "john.bristowe@octopus.com"
          },
          "private": "eyJzY2hlbWFfdmVyc2lvbiI6IjAifQ=="
        }
      ]
    }
  ]
}
